schema: '2.0'
stages:
  split:
    cmd: python src/data/data_splitting.py
    deps:
    - path: data/raw_data/raw.csv
      hash: md5
      md5: 617b56af2992376d5c3e91ad80823898
      size: 333757
    - path: src/data/data_splitting.py
      hash: md5
      md5: a710d7729019fd58af197247a62533e4
      size: 1640
    outs:
    - path: data/processed_data/X_test.csv
      hash: md5
      md5: b6c2910e3b3fc562c5b516b63fc3e22c
      size: 59909
    - path: data/processed_data/X_train.csv
      hash: md5
      md5: ef01f67c035349e375300528a99938f5
      size: 238533
    - path: data/processed_data/y_test.csv
      hash: md5
      md5: a051d29629c8bbb4cfb7e85c7f0315da
      size: 6456
    - path: data/processed_data/y_train.csv
      hash: md5
      md5: a9cd9d91da89f732843d72548f64ded3
      size: 25951
  normalize:
    cmd: python src/data/data_normalization.py
    deps:
    - path: data/processed_data/X_test.csv
      hash: md5
      md5: b6c2910e3b3fc562c5b516b63fc3e22c
      size: 59909
    - path: data/processed_data/X_train.csv
      hash: md5
      md5: ef01f67c035349e375300528a99938f5
      size: 238533
    - path: src/data/data_normalization.py
      hash: md5
      md5: 2e3d40f9e0513e1976a3b4062caafeb8
      size: 1976
    outs:
    - path: data/processed_data/X_test_scaled.csv
      hash: md5
      md5: be9c609c0e67a67a66eb2e3d86a2309a
      size: 79797
    - path: data/processed_data/X_train_scaled.csv
      hash: md5
      md5: c77ebb148695f095fd57815b499e026f
      size: 318243
  grid-search:
    cmd: python src/data/grid_search.py
    deps:
    - path: data/processed_data/X_test_scaled.csv
      hash: md5
      md5: be9c609c0e67a67a66eb2e3d86a2309a
      size: 79797
    - path: data/processed_data/X_train_scaled.csv
      hash: md5
      md5: c77ebb148695f095fd57815b499e026f
      size: 318243
    - path: data/processed_data/y_test.csv
      hash: md5
      md5: a051d29629c8bbb4cfb7e85c7f0315da
      size: 6456
    - path: data/processed_data/y_train.csv
      hash: md5
      md5: a9cd9d91da89f732843d72548f64ded3
      size: 25951
    - path: src/data/grid_search.py
      hash: md5
      md5: 247b36c551d260c321450df658c587ca
      size: 2040
    outs:
    - path: models/ridge_linear_regression.pkl
      hash: md5
      md5: 7883d363ad72aed370c61f4967c5e904
      size: 1199
  training:
    cmd: python src/models/training.py
    deps:
    - path: data/processed_data/X_train_scaled.csv
      hash: md5
      md5: c77ebb148695f095fd57815b499e026f
      size: 318243
    - path: data/processed_data/y_train.csv
      hash: md5
      md5: a9cd9d91da89f732843d72548f64ded3
      size: 25951
    - path: src/models/training.py
      hash: md5
      md5: 9a695ad37eb08fc5fa4f073dcaf44208
      size: 1239
    outs:
    - path: models/ridge_linear_regression_trained.pkl
      hash: md5
      md5: 7883d363ad72aed370c61f4967c5e904
      size: 1199
